
Microsoft Visual Studio Solution File, Format Version 12.00
# Visual Studio Version 17
VisualStudioVersion = 17.3.32825.248
MinimumVisualStudioVersion = 10.0.40219.1
Project("{FAE04EC0-301F-11D3-BF4B-00C04F79EFBC}") = "Calculator", "Calculator\Calculator.csproj", "{55E8F4FB-3366-421B-AC61-EBE6B92FE83D}"
EndProject
Global
	GlobalSection(SolutionConfigurationPlatforms) = preSolution
		Debug|Any CPU = Debug|Any CPU
		Release|Any CPU = Release|Any CPU
	EndGlobalSection
	GlobalSection(ProjectConfigurationPlatforms) = postSolution
		{55E8F4FB-3366-421B-AC61-EBE6B92FE83D}.Debug|Any CPU.ActiveCfg = Debug|Any CPU
		{55E8F4FB-3366-421B-AC61-EBE6B92FE83D}.Debug|Any CPU.Build.0 = Debug|Any CPU
		{55E8F4FB-3366-421B-AC61-EBE6B92FE83D}.Release|Any CPU.ActiveCfg = Release|Any CPU
		{55E8F4FB-3366-421B-AC61-EBE6B92FE83D}.Release|Any CPU.Build.0 = Release|Any CPU
	EndGlobalSection
	GlobalSection(SolutionProperties) = preSolution
		HideSolutionNode = FALSE
	EndGlobalSection
	GlobalSection(ExtensibilityGlobals) = postSolution
		SolutionGuid = {0F7FE596-C032-4B65-906E-3F9C36844427}
	EndGlobalSection
EndGlobal
